
Microsoft Visual Studio Solution File, Format Version 12.00
# Visual Studio Version 16
VisualStudioVersion = 16.0.30114.105
MinimumVisualStudioVersion = 10.0.40219.1
Project("{FAE04EC0-301F-11D3-BF4B-00C04F79EFBC}") = "api", "api\api.csproj", "{38211393-AC5B-458F-B5C6-DFE8DC2D6D5F}"
EndProject
Project("{FAE04EC0-301F-11D3-BF4B-00C04F79EFBC}") = "rotex", "rotex\rotex.csproj", "{92A1E5E2-E0B6-40CC-B59E-E4B9CADA9D68}"
EndProject
Project("{FAE04EC0-301F-11D3-BF4B-00C04F79EFBC}") = "raspberry-gpio", "raspberry-gpio\raspberry-gpio.csproj", "{01D71054-63F5-4457-A3B9-932315112E06}"
EndProject
Project("{FAE04EC0-301F-11D3-BF4B-00C04F79EFBC}") = "application", "application\application.csproj", "{11275AD1-1F35-4E66-BD99-760F1A3970A7}"
EndProject
Project("{FAE04EC0-301F-11D3-BF4B-00C04F79EFBC}") = "domain", "domain\domain.csproj", "{43F5892B-0BE3-4F10-8377-3DE82DEAA58D}"
EndProject
Project("{FAE04EC0-301F-11D3-BF4B-00C04F79EFBC}") = "application-test", "application-test\application-test.csproj", "{B9C3458A-1513-4268-8F1D-4E1EA8844DB2}"
EndProject
Global
	GlobalSection(SolutionConfigurationPlatforms) = preSolution
		Debug|Any CPU = Debug|Any CPU
		Release|Any CPU = Release|Any CPU
	EndGlobalSection
	GlobalSection(SolutionProperties) = preSolution
		HideSolutionNode = FALSE
	EndGlobalSection
	GlobalSection(ProjectConfigurationPlatforms) = postSolution
		{38211393-AC5B-458F-B5C6-DFE8DC2D6D5F}.Debug|Any CPU.ActiveCfg = Debug|Any CPU
		{38211393-AC5B-458F-B5C6-DFE8DC2D6D5F}.Debug|Any CPU.Build.0 = Debug|Any CPU
		{38211393-AC5B-458F-B5C6-DFE8DC2D6D5F}.Release|Any CPU.ActiveCfg = Release|Any CPU
		{38211393-AC5B-458F-B5C6-DFE8DC2D6D5F}.Release|Any CPU.Build.0 = Release|Any CPU
		{92A1E5E2-E0B6-40CC-B59E-E4B9CADA9D68}.Debug|Any CPU.ActiveCfg = Debug|Any CPU
		{92A1E5E2-E0B6-40CC-B59E-E4B9CADA9D68}.Debug|Any CPU.Build.0 = Debug|Any CPU
		{92A1E5E2-E0B6-40CC-B59E-E4B9CADA9D68}.Release|Any CPU.ActiveCfg = Release|Any CPU
		{92A1E5E2-E0B6-40CC-B59E-E4B9CADA9D68}.Release|Any CPU.Build.0 = Release|Any CPU
		{01D71054-63F5-4457-A3B9-932315112E06}.Debug|Any CPU.ActiveCfg = Debug|Any CPU
		{01D71054-63F5-4457-A3B9-932315112E06}.Debug|Any CPU.Build.0 = Debug|Any CPU
		{01D71054-63F5-4457-A3B9-932315112E06}.Release|Any CPU.ActiveCfg = Release|Any CPU
		{01D71054-63F5-4457-A3B9-932315112E06}.Release|Any CPU.Build.0 = Release|Any CPU
		{11275AD1-1F35-4E66-BD99-760F1A3970A7}.Debug|Any CPU.ActiveCfg = Debug|Any CPU
		{11275AD1-1F35-4E66-BD99-760F1A3970A7}.Debug|Any CPU.Build.0 = Debug|Any CPU
		{11275AD1-1F35-4E66-BD99-760F1A3970A7}.Release|Any CPU.ActiveCfg = Release|Any CPU
		{11275AD1-1F35-4E66-BD99-760F1A3970A7}.Release|Any CPU.Build.0 = Release|Any CPU
		{43F5892B-0BE3-4F10-8377-3DE82DEAA58D}.Debug|Any CPU.ActiveCfg = Debug|Any CPU
		{43F5892B-0BE3-4F10-8377-3DE82DEAA58D}.Debug|Any CPU.Build.0 = Debug|Any CPU
		{43F5892B-0BE3-4F10-8377-3DE82DEAA58D}.Release|Any CPU.ActiveCfg = Release|Any CPU
		{43F5892B-0BE3-4F10-8377-3DE82DEAA58D}.Release|Any CPU.Build.0 = Release|Any CPU
		{B9C3458A-1513-4268-8F1D-4E1EA8844DB2}.Debug|Any CPU.ActiveCfg = Debug|Any CPU
		{B9C3458A-1513-4268-8F1D-4E1EA8844DB2}.Debug|Any CPU.Build.0 = Debug|Any CPU
		{B9C3458A-1513-4268-8F1D-4E1EA8844DB2}.Release|Any CPU.ActiveCfg = Release|Any CPU
		{B9C3458A-1513-4268-8F1D-4E1EA8844DB2}.Release|Any CPU.Build.0 = Release|Any CPU
	EndGlobalSection
EndGlobal
