
Microsoft Visual Studio Solution File, Format Version 12.00
# Visual Studio 14
VisualStudioVersion = 14.0.25420.1
MinimumVisualStudioVersion = 10.0.40219.1
Project("{FAE04EC0-301F-11D3-BF4B-00C04F79EFBC}") = "CaldaiaBackend", "CaldaiaBackend\CaldaiaBackend.csproj", "{2ACF8772-0238-4790-B4C6-8EC4A09E8E1D}"
EndProject
Project("{FAE04EC0-301F-11D3-BF4B-00C04F79EFBC}") = "CaldaiaBackendTests", "CaldaiaBackendTests\CaldaiaBackendTests.csproj", "{F49422BE-3E92-46A7-B258-D6B41464EEF6}"
EndProject
Project("{FAE04EC0-301F-11D3-BF4B-00C04F79EFBC}") = "CaldaiaBackend.SelfHosted", "CaldaiaBackend.SelfHosted\CaldaiaBackend.SelfHosted.csproj", "{8EDBDB62-278C-4157-A7BA-B679CD4CAC2D}"
EndProject
Project("{FAE04EC0-301F-11D3-BF4B-00C04F79EFBC}") = "ArduinoCommunication", "ArduinoCommunication\ArduinoCommunication.csproj", "{42B784BE-893E-4698-BBE5-6EB50A0E339B}"
EndProject
Project("{2150E333-8FDC-42A3-9474-1A3956D46DE8}") = "Hosting", "Hosting", "{155F2754-A935-4E53-8391-B8DA820C630F}"
EndProject
Project("{2150E333-8FDC-42A3-9474-1A3956D46DE8}") = "Tests", "Tests", "{F7BD6528-FA79-43DE-954C-099A3EA08D7E}"
EndProject
Project("{2150E333-8FDC-42A3-9474-1A3956D46DE8}") = "Services", "Services", "{24C72DA1-1DF8-4FB4-9846-AB6484C36ACE}"
EndProject
Project("{FAE04EC0-301F-11D3-BF4B-00C04F79EFBC}") = "FileSystemTimeSlotLoaderSaver", "FileSystemTimeSlotLoaderSaver\FileSystemTimeSlotLoaderSaver.csproj", "{FE9ABD11-B63F-4E9D-89B5-464E63248EB0}"
EndProject
Project("{FAE04EC0-301F-11D3-BF4B-00C04F79EFBC}") = "GDriveTimeSlotLoaderSaver", "GDriveTimeSlotLoaderSaver\GDriveTimeSlotLoaderSaver.csproj", "{43F05D38-E6F2-400A-876C-D21746B68C33}"
EndProject
Project("{2150E333-8FDC-42A3-9474-1A3956D46DE8}") = "TimeSlotBufferLoaderSavers", "TimeSlotBufferLoaderSavers", "{870513CA-A214-4B51-9CB2-E3C4396D5E9C}"
EndProject
Project("{2150E333-8FDC-42A3-9474-1A3956D46DE8}") = "Arduino", "Arduino", "{B807B8D8-6F23-4425-AC02-EC22AF2D5431}"
EndProject
Project("{FAE04EC0-301F-11D3-BF4B-00C04F79EFBC}") = "GDriveTimeSlotLoaderSaver.Tests", "GDriveTimeSlotLoaderSaver.Tests\GDriveTimeSlotLoaderSaver.Tests.csproj", "{E81C290C-0EDE-47D9-AB5B-DCFA9025F568}"
EndProject
Global
	GlobalSection(SolutionConfigurationPlatforms) = preSolution
		Debug|Any CPU = Debug|Any CPU
		Release|Any CPU = Release|Any CPU
	EndGlobalSection
	GlobalSection(ProjectConfigurationPlatforms) = postSolution
		{2ACF8772-0238-4790-B4C6-8EC4A09E8E1D}.Debug|Any CPU.ActiveCfg = Debug|Any CPU
		{2ACF8772-0238-4790-B4C6-8EC4A09E8E1D}.Debug|Any CPU.Build.0 = Debug|Any CPU
		{2ACF8772-0238-4790-B4C6-8EC4A09E8E1D}.Release|Any CPU.ActiveCfg = Release|Any CPU
		{2ACF8772-0238-4790-B4C6-8EC4A09E8E1D}.Release|Any CPU.Build.0 = Release|Any CPU
		{F49422BE-3E92-46A7-B258-D6B41464EEF6}.Debug|Any CPU.ActiveCfg = Debug|Any CPU
		{F49422BE-3E92-46A7-B258-D6B41464EEF6}.Debug|Any CPU.Build.0 = Debug|Any CPU
		{F49422BE-3E92-46A7-B258-D6B41464EEF6}.Release|Any CPU.ActiveCfg = Release|Any CPU
		{F49422BE-3E92-46A7-B258-D6B41464EEF6}.Release|Any CPU.Build.0 = Release|Any CPU
		{8EDBDB62-278C-4157-A7BA-B679CD4CAC2D}.Debug|Any CPU.ActiveCfg = Debug|Any CPU
		{8EDBDB62-278C-4157-A7BA-B679CD4CAC2D}.Debug|Any CPU.Build.0 = Debug|Any CPU
		{8EDBDB62-278C-4157-A7BA-B679CD4CAC2D}.Release|Any CPU.ActiveCfg = Release|Any CPU
		{8EDBDB62-278C-4157-A7BA-B679CD4CAC2D}.Release|Any CPU.Build.0 = Release|Any CPU
		{42B784BE-893E-4698-BBE5-6EB50A0E339B}.Debug|Any CPU.ActiveCfg = Debug|Any CPU
		{42B784BE-893E-4698-BBE5-6EB50A0E339B}.Debug|Any CPU.Build.0 = Debug|Any CPU
		{42B784BE-893E-4698-BBE5-6EB50A0E339B}.Release|Any CPU.ActiveCfg = Release|Any CPU
		{42B784BE-893E-4698-BBE5-6EB50A0E339B}.Release|Any CPU.Build.0 = Release|Any CPU
		{FE9ABD11-B63F-4E9D-89B5-464E63248EB0}.Debug|Any CPU.ActiveCfg = Debug|Any CPU
		{FE9ABD11-B63F-4E9D-89B5-464E63248EB0}.Debug|Any CPU.Build.0 = Debug|Any CPU
		{FE9ABD11-B63F-4E9D-89B5-464E63248EB0}.Release|Any CPU.ActiveCfg = Release|Any CPU
		{FE9ABD11-B63F-4E9D-89B5-464E63248EB0}.Release|Any CPU.Build.0 = Release|Any CPU
		{43F05D38-E6F2-400A-876C-D21746B68C33}.Debug|Any CPU.ActiveCfg = Debug|Any CPU
		{43F05D38-E6F2-400A-876C-D21746B68C33}.Debug|Any CPU.Build.0 = Debug|Any CPU
		{43F05D38-E6F2-400A-876C-D21746B68C33}.Release|Any CPU.ActiveCfg = Release|Any CPU
		{43F05D38-E6F2-400A-876C-D21746B68C33}.Release|Any CPU.Build.0 = Release|Any CPU
		{E81C290C-0EDE-47D9-AB5B-DCFA9025F568}.Debug|Any CPU.ActiveCfg = Debug|Any CPU
		{E81C290C-0EDE-47D9-AB5B-DCFA9025F568}.Debug|Any CPU.Build.0 = Debug|Any CPU
		{E81C290C-0EDE-47D9-AB5B-DCFA9025F568}.Release|Any CPU.ActiveCfg = Release|Any CPU
		{E81C290C-0EDE-47D9-AB5B-DCFA9025F568}.Release|Any CPU.Build.0 = Release|Any CPU
	EndGlobalSection
	GlobalSection(SolutionProperties) = preSolution
		HideSolutionNode = FALSE
	EndGlobalSection
	GlobalSection(NestedProjects) = preSolution
		{F49422BE-3E92-46A7-B258-D6B41464EEF6} = {F7BD6528-FA79-43DE-954C-099A3EA08D7E}
		{8EDBDB62-278C-4157-A7BA-B679CD4CAC2D} = {155F2754-A935-4E53-8391-B8DA820C630F}
		{42B784BE-893E-4698-BBE5-6EB50A0E339B} = {B807B8D8-6F23-4425-AC02-EC22AF2D5431}
		{FE9ABD11-B63F-4E9D-89B5-464E63248EB0} = {870513CA-A214-4B51-9CB2-E3C4396D5E9C}
		{43F05D38-E6F2-400A-876C-D21746B68C33} = {870513CA-A214-4B51-9CB2-E3C4396D5E9C}
		{870513CA-A214-4B51-9CB2-E3C4396D5E9C} = {24C72DA1-1DF8-4FB4-9846-AB6484C36ACE}
		{B807B8D8-6F23-4425-AC02-EC22AF2D5431} = {24C72DA1-1DF8-4FB4-9846-AB6484C36ACE}
		{E81C290C-0EDE-47D9-AB5B-DCFA9025F568} = {870513CA-A214-4B51-9CB2-E3C4396D5E9C}
	EndGlobalSection
EndGlobal
